{
  "name": "codex-profile",
  "version": "0.8.0",
  "lockfileVersion": 3,
  "requires": true,
  "packages": {
    "": {
      "name": "codex-profile",
      "version": "0.8.0",
      "license": "MIT",
      "os": [
        "darwin",
        "linux"
      ],
      "bin": {
        "codex-profile": "bin/codex-profile",
        "codex-profiles": "bin/codex-profile"
      }
    }
  }
}
